{
  "name": "@soara/vue-modules",
  "version": "0.0.1",
  "lockfileVersion": 3,
  "requires": true,
  "packages": {
    "": {
      "name": "@soara/vue-modules",
      "version": "0.0.1",
      "license": "ISC",
      "devDependencies": {
        "@soara/cli": "^0.0.3"
      },
      "peerDependencies": {
        "@soara/cli": "^0.0.3"
      }
    },
    "node_modules/@soara/cli": {
      "version": "0.0.3",
      "resolved": "https://registry.npmjs.org/@soara/cli/-/cli-0.0.3.tgz",
      "integrity": "sha512-Bh35GcAbrw0fmXUJOzaBn55RgkfWDPvKnOsnOpyY5wqOd2Q5qkscbRm8UiNqVn1A0gzFw1YAxT318MOGY0t1uw==",
      "dev": true,
      "hasInstallScript": true
    }
  }
}
