{
  "name": "@soara/vue-modules",
  "version": "0.0.5",
  "lockfileVersion": 3,
  "requires": true,
  "packages": {
    "": {
      "name": "@soara/vue-modules",
      "version": "0.0.5",
      "license": "ISC",
      "devDependencies": {
        "@soara/cli": "^0.0.14"
      },
      "peerDependencies": {
        "@soara/cli": "^0.0.14"
      }
    },
    "node_modules/@soara/cli": {
      "version": "0.0.14",
      "resolved": "https://registry.npmjs.org/@soara/cli/-/cli-0.0.14.tgz",
      "integrity": "sha512-BIajcAYV7fh+Z0cJx/UQDSKvoGtbvk4AGHYj7uaBDw4GBbNA3Aw8hdwu9mRLEMwB9M6KbMOkzvDbBu8NsVa4Lw==",
      "dev": true,
      "hasInstallScript": true,
      "dependencies": {
        "prettier": "^3.5.3"
      }
    },
    "node_modules/prettier": {
      "version": "3.5.3",
      "resolved": "https://registry.npmjs.org/prettier/-/prettier-3.5.3.tgz",
      "integrity": "sha512-QQtaxnoDJeAkDvDKWCLiwIXkTgRhwYDEQCghU9Z6q03iyek/rxRh/2lC3HB7P8sWT2xC/y5JDctPLBIGzHKbhw==",
      "dev": true,
      "bin": {
        "prettier": "bin/prettier.cjs"
      },
      "engines": {
        "node": ">=14"
      },
      "funding": {
        "url": "https://github.com/prettier/prettier?sponsor=1"
      }
    }
  }
}
